// !$*UTF8*$!
{
	archiveVersion = 1;
	classes = {
	};
	objectVersion = 51;
	objects = {

/* Begin PBXBuildFile section */
		4B883251887F6795E49B4C71 /* Pods_Skin_Detector.framework in Frameworks */ = {isa = PBXBuildFile; fileRef = 70DE446B12C75D8B4BDC46C2 /* Pods_Skin_Detector.framework */; };
		58067475277656A20078D9C2 /* ForgotPassword.swift in Sources */ = {isa = PBXBuildFile; fileRef = 58067474277656A20078D9C2 /* ForgotPassword.swift */; };
		5806747727765CF20078D9C2 /* Launch Screen.storyboard in Resources */ = {isa = PBXBuildFile; fileRef = 5806747627765CF20078D9C2 /* Launch Screen.storyboard */; };
		58067479277662680078D9C2 /* DiseaseCards.swift in Sources */ = {isa = PBXBuildFile; fileRef = 58067478277662680078D9C2 /* DiseaseCards.swift */; };
		5806747B2776E74F0078D9C2 /* CancerInfoPages.swift in Sources */ = {isa = PBXBuildFile; fileRef = 5806747A2776E74F0078D9C2 /* CancerInfoPages.swift */; };
		5830F9FD27756372005BEE35 /* HomeScreen.swift in Sources */ = {isa = PBXBuildFile; fileRef = 5830F9FC27756372005BEE35 /* HomeScreen.swift */; };
		5830F9FF277579DE005BEE35 /* GoogleService-Info.plist in Resources */ = {isa = PBXBuildFile; fileRef = 5830F9FE277579DE005BEE35 /* GoogleService-Info.plist */; };
		5886F3BF2775226B00F2E7E9 /* Skin_DetectorApp.swift in Sources */ = {isa = PBXBuildFile; fileRef = 5886F3BE2775226B00F2E7E9 /* Skin_DetectorApp.swift */; };
		5886F3C32775226C00F2E7E9 /* Assets.xcassets in Resources */ = {isa = PBXBuildFile; fileRef = 5886F3C22775226C00F2E7E9 /* Assets.xcassets */; };
		5886F3C62775226C00F2E7E9 /* Preview Assets.xcassets in Resources */ = {isa = PBXBuildFile; fileRef = 5886F3C52775226C00F2E7E9 /* Preview Assets.xcassets */; };
		5886F3CE2775230A00F2E7E9 /* TitleScreen.swift in Sources */ = {isa = PBXBuildFile; fileRef = 5886F3CD2775230A00F2E7E9 /* TitleScreen.swift */; };
		5886F3D0277531B500F2E7E9 /* CreateAccount.swift in Sources */ = {isa = PBXBuildFile; fileRef = 5886F3CF277531B400F2E7E9 /* CreateAccount.swift */; };
		5886F3D2277531C300F2E7E9 /* SignIn.swift in Sources */ = {isa = PBXBuildFile; fileRef = 5886F3D1277531C300F2E7E9 /* SignIn.swift */; };
/* End PBXBuildFile section */

/* Begin PBXFileReference section */
		58067474277656A20078D9C2 /* ForgotPassword.swift */ = {isa = PBXFileReference; lastKnownFileType = sourcecode.swift; path = ForgotPassword.swift; sourceTree = "<group>"; };
		5806747627765CF20078D9C2 /* Launch Screen.storyboard */ = {isa = PBXFileReference; lastKnownFileType = file.storyboard; path = "Launch Screen.storyboard"; sourceTree = "<group>"; };
		58067478277662680078D9C2 /* DiseaseCards.swift */ = {isa = PBXFileReference; lastKnownFileType = sourcecode.swift; path = DiseaseCards.swift; sourceTree = "<group>"; };
		5806747A2776E74F0078D9C2 /* CancerInfoPages.swift */ = {isa = PBXFileReference; lastKnownFileType = sourcecode.swift; path = CancerInfoPages.swift; sourceTree = "<group>"; };
		5830F9FC27756372005BEE35 /* HomeScreen.swift */ = {isa = PBXFileReference; lastKnownFileType = sourcecode.swift; path = HomeScreen.swift; sourceTree = "<group>"; };
		5830F9FE277579DE005BEE35 /* GoogleService-Info.plist */ = {isa = PBXFileReference; fileEncoding = 4; lastKnownFileType = text.plist.xml; path = "GoogleService-Info.plist"; sourceTree = "<group>"; };
		5886F3BB2775226B00F2E7E9 /* Skin Detector.app */ = {isa = PBXFileReference; explicitFileType = wrapper.application; includeInIndex = 0; path = "Skin Detector.app"; sourceTree = BUILT_PRODUCTS_DIR; };
		5886F3BE2775226B00F2E7E9 /* Skin_DetectorApp.swift */ = {isa = PBXFileReference; lastKnownFileType = sourcecode.swift; path = Skin_DetectorApp.swift; sourceTree = "<group>"; };
		5886F3C22775226C00F2E7E9 /* Assets.xcassets */ = {isa = PBXFileReference; lastKnownFileType = folder.assetcatalog; path = Assets.xcassets; sourceTree = "<group>"; };
		5886F3C52775226C00F2E7E9 /* Preview Assets.xcassets */ = {isa = PBXFileReference; lastKnownFileType = folder.assetcatalog; path = "Preview Assets.xcassets"; sourceTree = "<group>"; };
		5886F3C72775226C00F2E7E9 /* Info.plist */ = {isa = PBXFileReference; lastKnownFileType = text.plist.xml; path = Info.plist; sourceTree = "<group>"; };
		5886F3CD2775230A00F2E7E9 /* TitleScreen.swift */ = {isa = PBXFileReference; lastKnownFileType = sourcecode.swift; path = TitleScreen.swift; sourceTree = "<group>"; };
		5886F3CF277531B400F2E7E9 /* CreateAccount.swift */ = {isa = PBXFileReference; lastKnownFileType = sourcecode.swift; path = CreateAccount.swift; sourceTree = "<group>"; };
		5886F3D1277531C300F2E7E9 /* SignIn.swift */ = {isa = PBXFileReference; lastKnownFileType = sourcecode.swift; path = SignIn.swift; sourceTree = "<group>"; };
		70DE446B12C75D8B4BDC46C2 /* Pods_Skin_Detector.framework */ = {isa = PBXFileReference; explicitFileType = wrapper.framework; includeInIndex = 0; path = Pods_Skin_Detector.framework; sourceTree = BUILT_PRODUCTS_DIR; };
		904798412FA4D14F55BB007E /* Pods-Skin Detector.debug.xcconfig */ = {isa = PBXFileReference; includeInIndex = 1; lastKnownFileType = text.xcconfig; name = "Pods-Skin Detector.debug.xcconfig"; path = "Target Support Files/Pods-Skin Detector/Pods-Skin Detector.debug.xcconfig"; sourceTree = "<group>"; };
		EE4E10F8E4E3949D97007612 /* Pods-Skin Detector.release.xcconfig */ = {isa = PBXFileReference; includeInIndex = 1; lastKnownFileType = text.xcconfig; name = "Pods-Skin Detector.release.xcconfig"; path = "Target Support Files/Pods-Skin Detector/Pods-Skin Detector.release.xcconfig"; sourceTree = "<group>"; };
/* End PBXFileReference section */

/* Begin PBXFrameworksBuildPhase section */
		5886F3B82775226A00F2E7E9 /* Frameworks */ = {
			isa = PBXFrameworksBuildPhase;
			buildActionMask = 2147483647;
			files = (
				4B883251887F6795E49B4C71 /* Pods_Skin_Detector.framework in Frameworks */,
			);
			runOnlyForDeploymentPostprocessing = 0;
		};
/* End PBXFrameworksBuildPhase section */

/* Begin PBXGroup section */
		4428E739B461C6E2F32F84AE /* Frameworks */ = {
			isa = PBXGroup;
			children = (
				70DE446B12C75D8B4BDC46C2 /* Pods_Skin_Detector.framework */,
			);
			name = Frameworks;
			sourceTree = "<group>";
		};
		5886F3B22775226A00F2E7E9 = {
			isa = PBXGroup;
			children = (
				5886F3BD2775226B00F2E7E9 /* Skin Detector */,
				5886F3BC2775226B00F2E7E9 /* Products */,
				70DEFFA5267346753A98AFB7 /* Pods */,
				4428E739B461C6E2F32F84AE /* Frameworks */,
			);
			sourceTree = "<group>";
		};
		5886F3BC2775226B00F2E7E9 /* Products */ = {
			isa = PBXGroup;
			children = (
				5886F3BB2775226B00F2E7E9 /* Skin Detector.app */,
			);
			name = Products;
			sourceTree = "<group>";
		};
		5886F3BD2775226B00F2E7E9 /* Skin Detector */ = {
			isa = PBXGroup;
			children = (
				5886F3C22775226C00F2E7E9 /* Assets.xcassets */,
				5886F3BE2775226B00F2E7E9 /* Skin_DetectorApp.swift */,
				5806747627765CF20078D9C2 /* Launch Screen.storyboard */,
				5886F3CD2775230A00F2E7E9 /* TitleScreen.swift */,
				5886F3CF277531B400F2E7E9 /* CreateAccount.swift */,
				5886F3D1277531C300F2E7E9 /* SignIn.swift */,
				58067474277656A20078D9C2 /* ForgotPassword.swift */,
				5830F9FC27756372005BEE35 /* HomeScreen.swift */,
				58067478277662680078D9C2 /* DiseaseCards.swift */,
				5806747A2776E74F0078D9C2 /* CancerInfoPages.swift */,
				5886F3C72775226C00F2E7E9 /* Info.plist */,
				5830F9FE277579DE005BEE35 /* GoogleService-Info.plist */,
				5886F3C42775226C00F2E7E9 /* Preview Content */,
			);
			path = "Skin Detector";
			sourceTree = "<group>";
		};
		5886F3C42775226C00F2E7E9 /* Preview Content */ = {
			isa = PBXGroup;
			children = (
				5886F3C52775226C00F2E7E9 /* Preview Assets.xcassets */,
			);
			path = "Preview Content";
			sourceTree = "<group>";
		};
		70DEFFA5267346753A98AFB7 /* Pods */ = {
			isa = PBXGroup;
			children = (
				904798412FA4D14F55BB007E /* Pods-Skin Detector.debug.xcconfig */,
				EE4E10F8E4E3949D97007612 /* Pods-Skin Detector.release.xcconfig */,
			);
			path = Pods;
			sourceTree = "<group>";
		};
/* End PBXGroup section */

/* Begin PBXNativeTarget section */
		5886F3BA2775226A00F2E7E9 /* Skin Detector */ = {
			isa = PBXNativeTarget;
			buildConfigurationList = 5886F3CA2775226C00F2E7E9 /* Build configuration list for PBXNativeTarget "Skin Detector" */;
			buildPhases = (
				E8BEC703C0D1791F3A15DDD9 /* [CP] Check Pods Manifest.lock */,
				5886F3B72775226A00F2E7E9 /* Sources */,
				5886F3B82775226A00F2E7E9 /* Frameworks */,
				5886F3B92775226A00F2E7E9 /* Resources */,
				0A8B9770260B8E275F3C2166 /* [CP] Embed Pods Frameworks */,
			);
			buildRules = (
			);
			dependencies = (
			);
			name = "Skin Detector";
			productName = "Skin Detector";
			productReference = 5886F3BB2775226B00F2E7E9 /* Skin Detector.app */;
			productType = "com.apple.product-type.application";
		};
/* End PBXNativeTarget section */

/* Begin PBXProject section */
		5886F3B32775226A00F2E7E9 /* Project object */ = {
			isa = PBXProject;
			attributes = {
				LastSwiftUpdateCheck = 1250;
				LastUpgradeCheck = 1250;
				TargetAttributes = {
					5886F3BA2775226A00F2E7E9 = {
						CreatedOnToolsVersion = 12.5.1;
					};
				};
			};
			buildConfigurationList = 5886F3B62775226A00F2E7E9 /* Build configuration list for PBXProject "Skin Detector" */;
			compatibilityVersion = "Xcode 9.3";
			developmentRegion = en;
			hasScannedForEncodings = 0;
			knownRegions = (
				en,
				Base,
			);
			mainGroup = 5886F3B22775226A00F2E7E9;
			productRefGroup = 5886F3BC2775226B00F2E7E9 /* Products */;
			projectDirPath = "";
			projectRoot = "";
			targets = (
				5886F3BA2775226A00F2E7E9 /* Skin Detector */,
			);
		};
/* End PBXProject section */

/* Begin PBXResourcesBuildPhase section */
		5886F3B92775226A00F2E7E9 /* Resources */ = {
			isa = PBXResourcesBuildPhase;
			buildActionMask = 2147483647;
			files = (
				5886F3C62775226C00F2E7E9 /* Preview Assets.xcassets in Resources */,
				5830F9FF277579DE005BEE35 /* GoogleService-Info.plist in Resources */,
				5806747727765CF20078D9C2 /* Launch Screen.storyboard in Resources */,
				5886F3C32775226C00F2E7E9 /* Assets.xcassets in Resources */,
			);
			runOnlyForDeploymentPostprocessing = 0;
		};
/* End PBXResourcesBuildPhase section */

/* Begin PBXShellScriptBuildPhase section */
		0A8B9770260B8E275F3C2166 /* [CP] Embed Pods Frameworks */ = {
			isa = PBXShellScriptBuildPhase;
			buildActionMask = 2147483647;
			files = (
			);
			inputFileListPaths = (
				"${PODS_ROOT}/Target Support Files/Pods-Skin Detector/Pods-Skin Detector-frameworks-${CONFIGURATION}-input-files.xcfilelist",
			);
			name = "[CP] Embed Pods Frameworks";
			outputFileListPaths = (
				"${PODS_ROOT}/Target Support Files/Pods-Skin Detector/Pods-Skin Detector-frameworks-${CONFIGURATION}-output-files.xcfilelist",
			);
			runOnlyForDeploymentPostprocessing = 0;
			shellPath = /bin/sh;
			shellScript = "\"${PODS_ROOT}/Target Support Files/Pods-Skin Detector/Pods-Skin Detector-frameworks.sh\"\n";
			showEnvVarsInLog = 0;
		};
		E8BEC703C0D1791F3A15DDD9 /* [CP] Check Pods Manifest.lock */ = {
			isa = PBXShellScriptBuildPhase;
			buildActionMask = 2147483647;
			files = (
			);
			inputFileListPaths = (
			);
			inputPaths = (
				"${PODS_PODFILE_DIR_PATH}/Podfile.lock",
				"${PODS_ROOT}/Manifest.lock",
			);
			name = "[CP] Check Pods Manifest.lock";
			outputFileListPaths = (
			);
			outputPaths = (
				"$(DERIVED_FILE_DIR)/Pods-Skin Detector-checkManifestLockResult.txt",
			);
			runOnlyForDeploymentPostprocessing = 0;
			shellPath = /bin/sh;
			shellScript = "diff \"${PODS_PODFILE_DIR_PATH}/Podfile.lock\" \"${PODS_ROOT}/Manifest.lock\" > /dev/null\nif [ $? != 0 ] ; then\n    # print error to STDERR\n    echo \"error: The sandbox is not in sync with the Podfile.lock. Run 'pod install' or update your CocoaPods installation.\" >&2\n    exit 1\nfi\n# This output is used by Xcode 'outputs' to avoid re-running this script phase.\necho \"SUCCESS\" > \"${SCRIPT_OUTPUT_FILE_0}\"\n";
			showEnvVarsInLog = 0;
		};
/* End PBXShellScriptBuildPhase section */

/* Begin PBXSourcesBuildPhase section */
		5886F3B72775226A00F2E7E9 /* Sources */ = {
			isa = PBXSourcesBuildPhase;
			buildActionMask = 2147483647;
			files = (
				5806747B2776E74F0078D9C2 /* CancerInfoPages.swift in Sources */,
				58067479277662680078D9C2 /* DiseaseCards.swift in Sources */,
				5886F3BF2775226B00F2E7E9 /* Skin_DetectorApp.swift in Sources */,
				5830F9FD27756372005BEE35 /* HomeScreen.swift in Sources */,
				5886F3D0277531B500F2E7E9 /* CreateAccount.swift in Sources */,
				5886F3CE2775230A00F2E7E9 /* TitleScreen.swift in Sources */,
				5886F3D2277531C300F2E7E9 /* SignIn.swift in Sources */,
				58067475277656A20078D9C2 /* ForgotPassword.swift in Sources */,
			);
			runOnlyForDeploymentPostprocessing = 0;
		};
/* End PBXSourcesBuildPhase section */

/* Begin XCBuildConfiguration section */
		5886F3C82775226C00F2E7E9 /* Debug */ = {
			isa = XCBuildConfiguration;
			buildSettings = {
				ALWAYS_SEARCH_USER_PATHS = NO;
				CLANG_ANALYZER_NONNULL = YES;
				CLANG_ANALYZER_NUMBER_OBJECT_CONVERSION = YES_AGGRESSIVE;
				CLANG_CXX_LANGUAGE_STANDARD = "gnu++14";
				CLANG_CXX_LIBRARY = "libc++";
				CLANG_ENABLE_MODULES = YES;
				CLANG_ENABLE_OBJC_ARC = YES;
				CLANG_ENABLE_OBJC_WEAK = YES;
				CLANG_WARN_BLOCK_CAPTURE_AUTORELEASING = YES;
				CLANG_WARN_BOOL_CONVERSION = YES;
				CLANG_WARN_COMMA = YES;
				CLANG_WARN_CONSTANT_CONVERSION = YES;
				CLANG_WARN_DEPRECATED_OBJC_IMPLEMENTATIONS = YES;
				CLANG_WARN_DIRECT_OBJC_ISA_USAGE = YES_ERROR;
				CLANG_WARN_DOCUMENTATION_COMMENTS = YES;
				CLANG_WARN_EMPTY_BODY = YES;
				CLANG_WARN_ENUM_CONVERSION = YES;
				CLANG_WARN_INFINITE_RECURSION = YES;
				CLANG_WARN_INT_CONVERSION = YES;
				CLANG_WARN_NON_LITERAL_NULL_CONVERSION = YES;
				CLANG_WARN_OBJC_IMPLICIT_RETAIN_SELF = YES;
				CLANG_WARN_OBJC_LITERAL_CONVERSION = YES;
				CLANG_WARN_OBJC_ROOT_CLASS = YES_ERROR;
				CLANG_WARN_QUOTED_INCLUDE_IN_FRAMEWORK_HEADER = YES;
				CLANG_WARN_RANGE_LOOP_ANALYSIS = YES;
				CLANG_WARN_STRICT_PROTOTYPES = YES;
				CLANG_WARN_SUSPICIOUS_MOVE = YES;
				CLANG_WARN_UNGUARDED_AVAILABILITY = YES_AGGRESSIVE;
				CLANG_WARN_UNREACHABLE_CODE = YES;
				CLANG_WARN__DUPLICATE_METHOD_MATCH = YES;
				COPY_PHASE_STRIP = NO;
				DEBUG_INFORMATION_FORMAT = dwarf;
				ENABLE_STRICT_OBJC_MSGSEND = YES;
				ENABLE_TESTABILITY = YES;
				GCC_C_LANGUAGE_STANDARD = gnu11;
				GCC_DYNAMIC_NO_PIC = NO;
				GCC_NO_COMMON_BLOCKS = YES;
				GCC_OPTIMIZATION_LEVEL = 0;
				GCC_PREPROCESSOR_DEFINITIONS = (
					"DEBUG=1",
					"$(inherited)",
				);
				GCC_WARN_64_TO_32_BIT_CONVERSION = YES;
				GCC_WARN_ABOUT_RETURN_TYPE = YES_ERROR;
				GCC_WARN_UNDECLARED_SELECTOR = YES;
				GCC_WARN_UNINITIALIZED_AUTOS = YES_AGGRESSIVE;
				GCC_WARN_UNUSED_FUNCTION = YES;
				GCC_WARN_UNUSED_VARIABLE = YES;
				IPHONEOS_DEPLOYMENT_TARGET = 14.5;
				MTL_ENABLE_DEBUG_INFO = INCLUDE_SOURCE;
				MTL_FAST_MATH = YES;
				ONLY_ACTIVE_ARCH = YES;
				SDKROOT = iphoneos;
				SWIFT_ACTIVE_COMPILATION_CONDITIONS = DEBUG;
				SWIFT_OPTIMIZATION_LEVEL = "-Onone";
			};
			name = Debug;
		};
		5886F3C92775226C00F2E7E9 /* Release */ = {
			isa = XCBuildConfiguration;
			buildSettings = {
				ALWAYS_SEARCH_USER_PATHS = NO;
				CLANG_ANALYZER_NONNULL = YES;
				CLANG_ANALYZER_NUMBER_OBJECT_CONVERSION = YES_AGGRESSIVE;
				CLANG_CXX_LANGUAGE_STANDARD = "gnu++14";
				CLANG_CXX_LIBRARY = "libc++";
				CLANG_ENABLE_MODULES = YES;
				CLANG_ENABLE_OBJC_ARC = YES;
				CLANG_ENABLE_OBJC_WEAK = YES;
				CLANG_WARN_BLOCK_CAPTURE_AUTORELEASING = YES;
				CLANG_WARN_BOOL_CONVERSION = YES;
				CLANG_WARN_COMMA = YES;
				CLANG_WARN_CONSTANT_CONVERSION = YES;
				CLANG_WARN_DEPRECATED_OBJC_IMPLEMENTATIONS = YES;
				CLANG_WARN_DIRECT_OBJC_ISA_USAGE = YES_ERROR;
				CLANG_WARN_DOCUMENTATION_COMMENTS = YES;
				CLANG_WARN_EMPTY_BODY = YES;
				CLANG_WARN_ENUM_CONVERSION = YES;
				CLANG_WARN_INFINITE_RECURSION = YES;
				CLANG_WARN_INT_CONVERSION = YES;
				CLANG_WARN_NON_LITERAL_NULL_CONVERSION = YES;
				CLANG_WARN_OBJC_IMPLICIT_RETAIN_SELF = YES;
				CLANG_WARN_OBJC_LITERAL_CONVERSION = YES;
				CLANG_WARN_OBJC_ROOT_CLASS = YES_ERROR;
				CLANG_WARN_QUOTED_INCLUDE_IN_FRAMEWORK_HEADER = YES;
				CLANG_WARN_RANGE_LOOP_ANALYSIS = YES;
				CLANG_WARN_STRICT_PROTOTYPES = YES;
				CLANG_WARN_SUSPICIOUS_MOVE = YES;
				CLANG_WARN_UNGUARDED_AVAILABILITY = YES_AGGRESSIVE;
				CLANG_WARN_UNREACHABLE_CODE = YES;
				CLANG_WARN__DUPLICATE_METHOD_MATCH = YES;
				COPY_PHASE_STRIP = NO;
				DEBUG_INFORMATION_FORMAT = "dwarf-with-dsym";
				ENABLE_NS_ASSERTIONS = NO;
				ENABLE_STRICT_OBJC_MSGSEND = YES;
				GCC_C_LANGUAGE_STANDARD = gnu11;
				GCC_NO_COMMON_BLOCKS = YES;
				GCC_WARN_64_TO_32_BIT_CONVERSION = YES;
				GCC_WARN_ABOUT_RETURN_TYPE = YES_ERROR;
				GCC_WARN_UNDECLARED_SELECTOR = YES;
				GCC_WARN_UNINITIALIZED_AUTOS = YES_AGGRESSIVE;
				GCC_WARN_UNUSED_FUNCTION = YES;
				GCC_WARN_UNUSED_VARIABLE = YES;
				IPHONEOS_DEPLOYMENT_TARGET = 14.5;
				MTL_ENABLE_DEBUG_INFO = NO;
				MTL_FAST_MATH = YES;
				SDKROOT = iphoneos;
				SWIFT_COMPILATION_MODE = wholemodule;
				SWIFT_OPTIMIZATION_LEVEL = "-O";
				VALIDATE_PRODUCT = YES;
			};
			name = Release;
		};
		5886F3CB2775226C00F2E7E9 /* Debug */ = {
			isa = XCBuildConfiguration;
			baseConfigurationReference = 904798412FA4D14F55BB007E /* Pods-Skin Detector.debug.xcconfig */;
			buildSettings = {
				ASSETCATALOG_COMPILER_APPICON_NAME = AppIcon;
				ASSETCATALOG_COMPILER_GLOBAL_ACCENT_COLOR_NAME = AccentColor;
				CODE_SIGN_STYLE = Automatic;
				DEVELOPMENT_ASSET_PATHS = "\"Skin Detector/Preview Content\"";
				DEVELOPMENT_TEAM = ZC9M5VV47F;
				ENABLE_PREVIEWS = YES;
				INFOPLIST_FILE = "Skin Detector/Info.plist";
				IPHONEOS_DEPLOYMENT_TARGET = 14.0;
				LD_RUNPATH_SEARCH_PATHS = (
					"$(inherited)",
					"@executable_path/Frameworks",
				);
				PRODUCT_BUNDLE_IDENTIFIER = "com.granthough.skindetect.Skin-Detector";
				PRODUCT_NAME = "$(TARGET_NAME)";
				SWIFT_VERSION = 5.0;
				TARGETED_DEVICE_FAMILY = "1,2";
			};
			name = Debug;
		};
		5886F3CC2775226C00F2E7E9 /* Release */ = {
			isa = XCBuildConfiguration;
			baseConfigurationReference = EE4E10F8E4E3949D97007612 /* Pods-Skin Detector.release.xcconfig */;
			buildSettings = {
				ASSETCATALOG_COMPILER_APPICON_NAME = AppIcon;
				ASSETCATALOG_COMPILER_GLOBAL_ACCENT_COLOR_NAME = AccentColor;
				CODE_SIGN_STYLE = Automatic;
				DEVELOPMENT_ASSET_PATHS = "\"Skin Detector/Preview Content\"";
				DEVELOPMENT_TEAM = ZC9M5VV47F;
				ENABLE_PREVIEWS = YES;
				INFOPLIST_FILE = "Skin Detector/Info.plist";
				IPHONEOS_DEPLOYMENT_TARGET = 14.0;
				LD_RUNPATH_SEARCH_PATHS = (
					"$(inherited)",
					"@executable_path/Frameworks",
				);
				PRODUCT_BUNDLE_IDENTIFIER = "com.granthough.skindetect.Skin-Detector";
				PRODUCT_NAME = "$(TARGET_NAME)";
				SWIFT_VERSION = 5.0;
				TARGETED_DEVICE_FAMILY = "1,2";
			};
			name = Release;
		};
/* End XCBuildConfiguration section */

/* Begin XCConfigurationList section */
		5886F3B62775226A00F2E7E9 /* Build configuration list for PBXProject "Skin Detector" */ = {
			isa = XCConfigurationList;
			buildConfigurations = (
				5886F3C82775226C00F2E7E9 /* Debug */,
				5886F3C92775226C00F2E7E9 /* Release */,
			);
			defaultConfigurationIsVisible = 0;
			defaultConfigurationName = Release;
		};
		5886F3CA2775226C00F2E7E9 /* Build configuration list for PBXNativeTarget "Skin Detector" */ = {
			isa = XCConfigurationList;
			buildConfigurations = (
				5886F3CB2775226C00F2E7E9 /* Debug */,
				5886F3CC2775226C00F2E7E9 /* Release */,
			);
			defaultConfigurationIsVisible = 0;
			defaultConfigurationName = Release;
		};
/* End XCConfigurationList section */
	};
	rootObject = 5886F3B32775226A00F2E7E9 /* Project object */;
}
